// !$*UTF8*$!
{
	archiveVersion = 1;
	classes = {
	};
	objectVersion = 46;
	objects = {

/* Begin PBXBuildFile section */
		55A4AF091E327CB60059F51E /* AppDelegate.swift in Sources */ = {isa = PBXBuildFile; fileRef = 55A4AF081E327CB60059F51E /* AppDelegate.swift */; };
		55A4AF0B1E327CB60059F51E /* ViewController.swift in Sources */ = {isa = PBXBuildFile; fileRef = 55A4AF0A1E327CB60059F51E /* ViewController.swift */; };
		55A4AF0E1E327CB60059F51E /* Main.storyboard in Resources */ = {isa = PBXBuildFile; fileRef = 55A4AF0C1E327CB60059F51E /* Main.storyboard */; };
		55A4AF101E327CB60059F51E /* Assets.xcassets in Resources */ = {isa = PBXBuildFile; fileRef = 55A4AF0F1E327CB60059F51E /* Assets.xcassets */; };
		55A4AF131E327CB60059F51E /* LaunchScreen.storyboard in Resources */ = {isa = PBXBuildFile; fileRef = 55A4AF111E327CB60059F51E /* LaunchScreen.storyboard */; };
/* End PBXBuildFile section */

/* Begin PBXFileReference section */
		55A4AF051E327CB60059F51E /* GraphicsProject.app */ = {isa = PBXFileReference; explicitFileType = wrapper.application; includeInIndex = 0; path = GraphicsProject.app; sourceTree = BUILT_PRODUCTS_DIR; };
		55A4AF081E327CB60059F51E /* AppDelegate.swift */ = {isa = PBXFileReference; lastKnownFileType = sourcecode.swift; path = AppDelegate.swift; sourceTree = "<group>"; };
		55A4AF0A1E327CB60059F51E /* ViewController.swift */ = {isa = PBXFileReference; lastKnownFileType = sourcecode.swift; path = ViewController.swift; sourceTree = "<group>"; };
		55A4AF0D1E327CB60059F51E /* Base */ = {isa = PBXFileReference; lastKnownFileType = file.storyboard; name = Base; path = Base.lproj/Main.storyboard; sourceTree = "<group>"; };
		55A4AF0F1E327CB60059F51E /* Assets.xcassets */ = {isa = PBXFileReference; lastKnownFileType = folder.assetcatalog; path = Assets.xcassets; sourceTree = "<group>"; };
		55A4AF121E327CB60059F51E /* Base */ = {isa = PBXFileReference; lastKnownFileType = file.storyboard; name = Base; path = Base.lproj/LaunchScreen.storyboard; sourceTree = "<group>"; };
		55A4AF141E327CB60059F51E /* Info.plist */ = {isa = PBXFileReference; lastKnownFileType = text.plist.xml; path = Info.plist; sourceTree = "<group>"; };
/* End PBXFileReference section */

/* Begin PBXFrameworksBuildPhase section */
		55A4AF021E327CB60059F51E /* Frameworks */ = {
			isa = PBXFrameworksBuildPhase;
			buildActionMask = 2147483647;
			files = (
			);
			runOnlyForDeploymentPostprocessing = 0;
		};
/* End PBXFrameworksBuildPhase section */

/* Begin PBXGroup section */
		55A4AEFC1E327CB60059F51E = {
			isa = PBXGroup;
			children = (
				55A4AF071E327CB60059F51E /* GraphicsProject */,
				55A4AF061E327CB60059F51E /* Products */,
			);
			sourceTree = "<group>";
		};
		55A4AF061E327CB60059F51E /* Products */ = {
			isa = PBXGroup;
			children = (
				55A4AF051E327CB60059F51E /* GraphicsProject.app */,
			);
			name = Products;
			sourceTree = "<group>";
		};
		55A4AF071E327CB60059F51E /* GraphicsProject */ = {
			isa = PBXGroup;
			children = (
				55A4AF081E327CB60059F51E /* AppDelegate.swift */,
				55A4AF0A1E327CB60059F51E /* ViewController.swift */,
				55A4AF0C1E327CB60059F51E /* Main.storyboard */,
				55A4AF0F1E327CB60059F51E /* Assets.xcassets */,
				55A4AF111E327CB60059F51E /* LaunchScreen.storyboard */,
				55A4AF141E327CB60059F51E /* Info.plist */,
			);
			path = GraphicsProject;
			sourceTree = "<group>";
		};
/* End PBXGroup section */

/* Begin PBXNativeTarget section */
		55A4AF041E327CB60059F51E /* GraphicsProject */ = {
			isa = PBXNativeTarget;
			buildConfigurationList = 55A4AF171E327CB60059F51E /* Build configuration list for PBXNativeTarget "GraphicsProject" */;
			buildPhases = (
				55A4AF011E327CB60059F51E /* Sources */,
				55A4AF021E327CB60059F51E /* Frameworks */,
				55A4AF031E327CB60059F51E /* Resources */,
			);
			buildRules = (
			);
			dependencies = (
			);
			name = GraphicsProject;
			productName = GraphicsProject;
			productReference = 55A4AF051E327CB60059F51E /* GraphicsProject.app */;
			productType = "com.apple.product-type.application";
		};
/* End PBXNativeTarget section */

/* Begin PBXProject section */
		55A4AEFD1E327CB60059F51E /* Project object */ = {
			isa = PBXProject;
			attributes = {
				LastSwiftUpdateCheck = 0820;
				LastUpgradeCheck = 0820;
				ORGANIZATIONNAME = MyPractice;
				TargetAttributes = {
					55A4AF041E327CB60059F51E = {
						CreatedOnToolsVersion = 8.2.1;
						ProvisioningStyle = Automatic;
					};
				};
			};
			buildConfigurationList = 55A4AF001E327CB60059F51E /* Build configuration list for PBXProject "GraphicsProject" */;
			compatibilityVersion = "Xcode 3.2";
			developmentRegion = English;
			hasScannedForEncodings = 0;
			knownRegions = (
				en,
				Base,
			);
			mainGroup = 55A4AEFC1E327CB60059F51E;
			productRefGroup = 55A4AF061E327CB60059F51E /* Products */;
			projectDirPath = "";
			projectRoot = "";
			targets = (
				55A4AF041E327CB60059F51E /* GraphicsProject */,
			);
		};
/* End PBXProject section */

/* Begin PBXResourcesBuildPhase section */
		55A4AF031E327CB60059F51E /* Resources */ = {
			isa = PBXResourcesBuildPhase;
			buildActionMask = 2147483647;
			files = (
				55A4AF131E327CB60059F51E /* LaunchScreen.storyboard in Resources */,
				55A4AF101E327CB60059F51E /* Assets.xcassets in Resources */,
				55A4AF0E1E327CB60059F51E /* Main.storyboard in Resources */,
			);
			runOnlyForDeploymentPostprocessing = 0;
		};
/* End PBXResourcesBuildPhase section */

/* Begin PBXSourcesBuildPhase section */
		55A4AF011E327CB60059F51E /* Sources */ = {
			isa = PBXSourcesBuildPhase;
			buildActionMask = 2147483647;
			files = (
				55A4AF0B1E327CB60059F51E /* ViewController.swift in Sources */,
				55A4AF091E327CB60059F51E /* AppDelegate.swift in Sources */,
			);
			runOnlyForDeploymentPostprocessing = 0;
		};
/* End PBXSourcesBuildPhase section */

/* Begin PBXVariantGroup section */
		55A4AF0C1E327CB60059F51E /* Main.storyboard */ = {
			isa = PBXVariantGroup;
			children = (
				55A4AF0D1E327CB60059F51E /* Base */,
			);
			name = Main.storyboard;
			sourceTree = "<group>";
		};
		55A4AF111E327CB60059F51E /* LaunchScreen.storyboard */ = {
			isa = PBXVariantGroup;
			children = (
				55A4AF121E327CB60059F51E /* Base */,
			);
			name = LaunchScreen.storyboard;
			sourceTree = "<group>";
		};
/* End PBXVariantGroup section */

/* Begin XCBuildConfiguration section */
		55A4AF151E327CB60059F51E /* Debug */ = {
			isa = XCBuildConfiguration;
			buildSettings = {
				ALWAYS_SEARCH_USER_PATHS = NO;
				CLANG_ANALYZER_NONNULL = YES;
				CLANG_CXX_LANGUAGE_STANDARD = "gnu++0x";
				CLANG_CXX_LIBRARY = "libc++";
				CLANG_ENABLE_MODULES = YES;
				CLANG_ENABLE_OBJC_ARC = YES;
				CLANG_WARN_BOOL_CONVERSION = YES;
				CLANG_WARN_CONSTANT_CONVERSION = YES;
				CLANG_WARN_DIRECT_OBJC_ISA_USAGE = YES_ERROR;
				CLANG_WARN_DOCUMENTATION_COMMENTS = YES;
				CLANG_WARN_EMPTY_BODY = YES;
				CLANG_WARN_ENUM_CONVERSION = YES;
				CLANG_WARN_INFINITE_RECURSION = YES;
				CLANG_WARN_INT_CONVERSION = YES;
				CLANG_WARN_OBJC_ROOT_CLASS = YES_ERROR;
				CLANG_WARN_SUSPICIOUS_MOVE = YES;
				CLANG_WARN_UNREACHABLE_CODE = YES;
				CLANG_WARN__DUPLICATE_METHOD_MATCH = YES;
				"CODE_SIGN_IDENTITY[sdk=iphoneos*]" = "iPhone Developer";
				COPY_PHASE_STRIP = NO;
				DEBUG_INFORMATION_FORMAT = dwarf;
				ENABLE_STRICT_OBJC_MSGSEND = YES;
				ENABLE_TESTABILITY = YES;
				GCC_C_LANGUAGE_STANDARD = gnu99;
				GCC_DYNAMIC_NO_PIC = NO;
				GCC_NO_COMMON_BLOCKS = YES;
				GCC_OPTIMIZATION_LEVEL = 0;
				GCC_PREPROCESSOR_DEFINITIONS = (
					"DEBUG=1",
					"$(inherited)",
				);
				GCC_WARN_64_TO_32_BIT_CONVERSION = YES;
				GCC_WARN_ABOUT_RETURN_TYPE = YES_ERROR;
				GCC_WARN_UNDECLARED_SELECTOR = YES;
				GCC_WARN_UNINITIALIZED_AUTOS = YES_AGGRESSIVE;
				GCC_WARN_UNUSED_FUNCTION = YES;
				GCC_WARN_UNUSED_VARIABLE = YES;
				IPHONEOS_DEPLOYMENT_TARGET = 10.2;
				MTL_ENABLE_DEBUG_INFO = YES;
				ONLY_ACTIVE_ARCH = YES;
				SDKROOT = iphoneos;
				SWIFT_ACTIVE_COMPILATION_CONDITIONS = DEBUG;
				SWIFT_OPTIMIZATION_LEVEL = "-Onone";
				TARGETED_DEVICE_FAMILY = "1,2";
			};
			name = Debug;
		};
		55A4AF161E327CB60059F51E /* Release */ = {
			isa = XCBuildConfiguration;
			buildSettings = {
				ALWAYS_SEARCH_USER_PATHS = NO;
				CLANG_ANALYZER_NONNULL = YES;
				CLANG_CXX_LANGUAGE_STANDARD = "gnu++0x";
				CLANG_CXX_LIBRARY = "libc++";
				CLANG_ENABLE_MODULES = YES;
				CLANG_ENABLE_OBJC_ARC = YES;
				CLANG_WARN_BOOL_CONVERSION = YES;
				CLANG_WARN_CONSTANT_CONVERSION = YES;
				CLANG_WARN_DIRECT_OBJC_ISA_USAGE = YES_ERROR;
				CLANG_WARN_DOCUMENTATION_COMMENTS = YES;
				CLANG_WARN_EMPTY_BODY = YES;
				CLANG_WARN_ENUM_CONVERSION = YES;
				CLANG_WARN_INFINITE_RECURSION = YES;
				CLANG_WARN_INT_CONVERSION = YES;
				CLANG_WARN_OBJC_ROOT_CLASS = YES_ERROR;
				CLANG_WARN_SUSPICIOUS_MOVE = YES;
				CLANG_WARN_UNREACHABLE_CODE = YES;
				CLANG_WARN__DUPLICATE_METHOD_MATCH = YES;
				"CODE_SIGN_IDENTITY[sdk=iphoneos*]" = "iPhone Developer";
				COPY_PHASE_STRIP = NO;
				DEBUG_INFORMATION_FORMAT = "dwarf-with-dsym";
				ENABLE_NS_ASSERTIONS = NO;
				ENABLE_STRICT_OBJC_MSGSEND = YES;
				GCC_C_LANGUAGE_STANDARD = gnu99;
				GCC_NO_COMMON_BLOCKS = YES;
				GCC_WARN_64_TO_32_BIT_CONVERSION = YES;
				GCC_WARN_ABOUT_RETURN_TYPE = YES_ERROR;
				GCC_WARN_UNDECLARED_SELECTOR = YES;
				GCC_WARN_UNINITIALIZED_AUTOS = YES_AGGRESSIVE;
				GCC_WARN_UNUSED_FUNCTION = YES;
				GCC_WARN_UNUSED_VARIABLE = YES;
				IPHONEOS_DEPLOYMENT_TARGET = 10.2;
				MTL_ENABLE_DEBUG_INFO = NO;
				SDKROOT = iphoneos;
				SWIFT_OPTIMIZATION_LEVEL = "-Owholemodule";
				TARGETED_DEVICE_FAMILY = "1,2";
				VALIDATE_PRODUCT = YES;
			};
			name = Release;
		};
		55A4AF181E327CB60059F51E /* Debug */ = {
			isa = XCBuildConfiguration;
			buildSettings = {
				ASSETCATALOG_COMPILER_APPICON_NAME = AppIcon;
				INFOPLIST_FILE = GraphicsProject/Info.plist;
				LD_RUNPATH_SEARCH_PATHS = "$(inherited) @executable_path/Frameworks";
				PRODUCT_BUNDLE_IDENTIFIER = com.myPractice.GraphicsProject;
				PRODUCT_NAME = "$(TARGET_NAME)";
				SWIFT_VERSION = 3.0;
			};
			name = Debug;
		};
		55A4AF191E327CB60059F51E /* Release */ = {
			isa = XCBuildConfiguration;
			buildSettings = {
				ASSETCATALOG_COMPILER_APPICON_NAME = AppIcon;
				INFOPLIST_FILE = GraphicsProject/Info.plist;
				LD_RUNPATH_SEARCH_PATHS = "$(inherited) @executable_path/Frameworks";
				PRODUCT_BUNDLE_IDENTIFIER = com.myPractice.GraphicsProject;
				PRODUCT_NAME = "$(TARGET_NAME)";
				SWIFT_VERSION = 3.0;
			};
			name = Release;
		};
/* End XCBuildConfiguration section */

/* Begin XCConfigurationList section */
		55A4AF001E327CB60059F51E /* Build configuration list for PBXProject "GraphicsProject" */ = {
			isa = XCConfigurationList;
			buildConfigurations = (
				55A4AF151E327CB60059F51E /* Debug */,
				55A4AF161E327CB60059F51E /* Release */,
			);
			defaultConfigurationIsVisible = 0;
			defaultConfigurationName = Release;
		};
		55A4AF171E327CB60059F51E /* Build configuration list for PBXNativeTarget "GraphicsProject" */ = {
			isa = XCConfigurationList;
			buildConfigurations = (
				55A4AF181E327CB60059F51E /* Debug */,
				55A4AF191E327CB60059F51E /* Release */,
			);
			defaultConfigurationIsVisible = 0;
		};
/* End XCConfigurationList section */
	};
	rootObject = 55A4AEFD1E327CB60059F51E /* Project object */;
}
