// !$*UTF8*$!
{
	archiveVersion = 1;
	classes = {
	};
	objectVersion = 46;
	objects = {

/* Begin PBXBuildFile section */
		558E1DAB1E2EC4460067705C /* TblViewController.swift in Sources */ = {isa = PBXBuildFile; fileRef = 558E1DAA1E2EC4460067705C /* TblViewController.swift */; };
		55A244A91E2A7EB600E1055A /* GreenViewController.swift in Sources */ = {isa = PBXBuildFile; fileRef = 55A244A81E2A7EB600E1055A /* GreenViewController.swift */; };
		55A244AC1E2A7FAF00E1055A /* RedViewController.swift in Sources */ = {isa = PBXBuildFile; fileRef = 55A244AA1E2A7FAF00E1055A /* RedViewController.swift */; };
		55A244AD1E2A7FAF00E1055A /* RedViewController.xib in Resources */ = {isa = PBXBuildFile; fileRef = 55A244AB1E2A7FAF00E1055A /* RedViewController.xib */; };
		55BBDDF71E293D69003D7650 /* AppDelegate.swift in Sources */ = {isa = PBXBuildFile; fileRef = 55BBDDF61E293D69003D7650 /* AppDelegate.swift */; };
		55BBDDF91E293D69003D7650 /* ViewController.swift in Sources */ = {isa = PBXBuildFile; fileRef = 55BBDDF81E293D69003D7650 /* ViewController.swift */; };
		55BBDDFC1E293D69003D7650 /* Main.storyboard in Resources */ = {isa = PBXBuildFile; fileRef = 55BBDDFA1E293D69003D7650 /* Main.storyboard */; };
		55BBDDFE1E293D69003D7650 /* Assets.xcassets in Resources */ = {isa = PBXBuildFile; fileRef = 55BBDDFD1E293D69003D7650 /* Assets.xcassets */; };
		55BBDE011E293D69003D7650 /* LaunchScreen.storyboard in Resources */ = {isa = PBXBuildFile; fileRef = 55BBDDFF1E293D69003D7650 /* LaunchScreen.storyboard */; };
		55FA578C1E2E840D00FEEF0B /* TableVViewController.swift in Sources */ = {isa = PBXBuildFile; fileRef = 55FA578B1E2E840D00FEEF0B /* TableVViewController.swift */; };
/* End PBXBuildFile section */

/* Begin PBXFileReference section */
		558E1DAA1E2EC4460067705C /* TblViewController.swift */ = {isa = PBXFileReference; fileEncoding = 4; lastKnownFileType = sourcecode.swift; path = TblViewController.swift; sourceTree = "<group>"; };
		55A244A81E2A7EB600E1055A /* GreenViewController.swift */ = {isa = PBXFileReference; fileEncoding = 4; lastKnownFileType = sourcecode.swift; path = GreenViewController.swift; sourceTree = "<group>"; };
		55A244AA1E2A7FAF00E1055A /* RedViewController.swift */ = {isa = PBXFileReference; fileEncoding = 4; lastKnownFileType = sourcecode.swift; path = RedViewController.swift; sourceTree = "<group>"; };
		55A244AB1E2A7FAF00E1055A /* RedViewController.xib */ = {isa = PBXFileReference; fileEncoding = 4; lastKnownFileType = file.xib; path = RedViewController.xib; sourceTree = "<group>"; };
		55BBDDF31E293D69003D7650 /* StackViewDemo.app */ = {isa = PBXFileReference; explicitFileType = wrapper.application; includeInIndex = 0; path = StackViewDemo.app; sourceTree = BUILT_PRODUCTS_DIR; };
		55BBDDF61E293D69003D7650 /* AppDelegate.swift */ = {isa = PBXFileReference; lastKnownFileType = sourcecode.swift; path = AppDelegate.swift; sourceTree = "<group>"; };
		55BBDDF81E293D69003D7650 /* ViewController.swift */ = {isa = PBXFileReference; lastKnownFileType = sourcecode.swift; path = ViewController.swift; sourceTree = "<group>"; };
		55BBDDFB1E293D69003D7650 /* Base */ = {isa = PBXFileReference; lastKnownFileType = file.storyboard; name = Base; path = Base.lproj/Main.storyboard; sourceTree = "<group>"; };
		55BBDDFD1E293D69003D7650 /* Assets.xcassets */ = {isa = PBXFileReference; lastKnownFileType = folder.assetcatalog; path = Assets.xcassets; sourceTree = "<group>"; };
		55BBDE001E293D69003D7650 /* Base */ = {isa = PBXFileReference; lastKnownFileType = file.storyboard; name = Base; path = Base.lproj/LaunchScreen.storyboard; sourceTree = "<group>"; };
		55BBDE021E293D69003D7650 /* Info.plist */ = {isa = PBXFileReference; lastKnownFileType = text.plist.xml; path = Info.plist; sourceTree = "<group>"; };
		55FA578B1E2E840D00FEEF0B /* TableVViewController.swift */ = {isa = PBXFileReference; fileEncoding = 4; lastKnownFileType = sourcecode.swift; path = TableVViewController.swift; sourceTree = "<group>"; };
/* End PBXFileReference section */

/* Begin PBXFrameworksBuildPhase section */
		55BBDDF01E293D69003D7650 /* Frameworks */ = {
			isa = PBXFrameworksBuildPhase;
			buildActionMask = 2147483647;
			files = (
			);
			runOnlyForDeploymentPostprocessing = 0;
		};
/* End PBXFrameworksBuildPhase section */

/* Begin PBXGroup section */
		55BBDDEA1E293D69003D7650 = {
			isa = PBXGroup;
			children = (
				55BBDDF51E293D69003D7650 /* StackViewDemo */,
				55BBDDF41E293D69003D7650 /* Products */,
			);
			sourceTree = "<group>";
		};
		55BBDDF41E293D69003D7650 /* Products */ = {
			isa = PBXGroup;
			children = (
				55BBDDF31E293D69003D7650 /* StackViewDemo.app */,
			);
			name = Products;
			sourceTree = "<group>";
		};
		55BBDDF51E293D69003D7650 /* StackViewDemo */ = {
			isa = PBXGroup;
			children = (
				55BBDDF61E293D69003D7650 /* AppDelegate.swift */,
				55BBDDF81E293D69003D7650 /* ViewController.swift */,
				55BBDDFA1E293D69003D7650 /* Main.storyboard */,
				55FA578B1E2E840D00FEEF0B /* TableVViewController.swift */,
				558E1DAA1E2EC4460067705C /* TblViewController.swift */,
				55A244AA1E2A7FAF00E1055A /* RedViewController.swift */,
				55A244AB1E2A7FAF00E1055A /* RedViewController.xib */,
				55A244A81E2A7EB600E1055A /* GreenViewController.swift */,
				55BBDDFD1E293D69003D7650 /* Assets.xcassets */,
				55BBDDFF1E293D69003D7650 /* LaunchScreen.storyboard */,
				55BBDE021E293D69003D7650 /* Info.plist */,
			);
			path = StackViewDemo;
			sourceTree = "<group>";
		};
/* End PBXGroup section */

/* Begin PBXNativeTarget section */
		55BBDDF21E293D69003D7650 /* StackViewDemo */ = {
			isa = PBXNativeTarget;
			buildConfigurationList = 55BBDE051E293D69003D7650 /* Build configuration list for PBXNativeTarget "StackViewDemo" */;
			buildPhases = (
				55BBDDEF1E293D69003D7650 /* Sources */,
				55BBDDF01E293D69003D7650 /* Frameworks */,
				55BBDDF11E293D69003D7650 /* Resources */,
			);
			buildRules = (
			);
			dependencies = (
			);
			name = StackViewDemo;
			productName = StackViewDemo;
			productReference = 55BBDDF31E293D69003D7650 /* StackViewDemo.app */;
			productType = "com.apple.product-type.application";
		};
/* End PBXNativeTarget section */

/* Begin PBXProject section */
		55BBDDEB1E293D69003D7650 /* Project object */ = {
			isa = PBXProject;
			attributes = {
				LastSwiftUpdateCheck = 0820;
				LastUpgradeCheck = 0820;
				ORGANIZATIONNAME = MyPractice;
				TargetAttributes = {
					55BBDDF21E293D69003D7650 = {
						CreatedOnToolsVersion = 8.2.1;
						ProvisioningStyle = Automatic;
					};
				};
			};
			buildConfigurationList = 55BBDDEE1E293D69003D7650 /* Build configuration list for PBXProject "StackViewDemo" */;
			compatibilityVersion = "Xcode 3.2";
			developmentRegion = English;
			hasScannedForEncodings = 0;
			knownRegions = (
				en,
				Base,
			);
			mainGroup = 55BBDDEA1E293D69003D7650;
			productRefGroup = 55BBDDF41E293D69003D7650 /* Products */;
			projectDirPath = "";
			projectRoot = "";
			targets = (
				55BBDDF21E293D69003D7650 /* StackViewDemo */,
			);
		};
/* End PBXProject section */

/* Begin PBXResourcesBuildPhase section */
		55BBDDF11E293D69003D7650 /* Resources */ = {
			isa = PBXResourcesBuildPhase;
			buildActionMask = 2147483647;
			files = (
				55A244AD1E2A7FAF00E1055A /* RedViewController.xib in Resources */,
				55BBDE011E293D69003D7650 /* LaunchScreen.storyboard in Resources */,
				55BBDDFE1E293D69003D7650 /* Assets.xcassets in Resources */,
				55BBDDFC1E293D69003D7650 /* Main.storyboard in Resources */,
			);
			runOnlyForDeploymentPostprocessing = 0;
		};
/* End PBXResourcesBuildPhase section */

/* Begin PBXSourcesBuildPhase section */
		55BBDDEF1E293D69003D7650 /* Sources */ = {
			isa = PBXSourcesBuildPhase;
			buildActionMask = 2147483647;
			files = (
				55A244AC1E2A7FAF00E1055A /* RedViewController.swift in Sources */,
				55A244A91E2A7EB600E1055A /* GreenViewController.swift in Sources */,
				55BBDDF91E293D69003D7650 /* ViewController.swift in Sources */,
				558E1DAB1E2EC4460067705C /* TblViewController.swift in Sources */,
				55FA578C1E2E840D00FEEF0B /* TableVViewController.swift in Sources */,
				55BBDDF71E293D69003D7650 /* AppDelegate.swift in Sources */,
			);
			runOnlyForDeploymentPostprocessing = 0;
		};
/* End PBXSourcesBuildPhase section */

/* Begin PBXVariantGroup section */
		55BBDDFA1E293D69003D7650 /* Main.storyboard */ = {
			isa = PBXVariantGroup;
			children = (
				55BBDDFB1E293D69003D7650 /* Base */,
			);
			name = Main.storyboard;
			sourceTree = "<group>";
		};
		55BBDDFF1E293D69003D7650 /* LaunchScreen.storyboard */ = {
			isa = PBXVariantGroup;
			children = (
				55BBDE001E293D69003D7650 /* Base */,
			);
			name = LaunchScreen.storyboard;
			sourceTree = "<group>";
		};
/* End PBXVariantGroup section */

/* Begin XCBuildConfiguration section */
		55BBDE031E293D69003D7650 /* Debug */ = {
			isa = XCBuildConfiguration;
			buildSettings = {
				ALWAYS_SEARCH_USER_PATHS = NO;
				CLANG_ANALYZER_NONNULL = YES;
				CLANG_CXX_LANGUAGE_STANDARD = "gnu++0x";
				CLANG_CXX_LIBRARY = "libc++";
				CLANG_ENABLE_MODULES = YES;
				CLANG_ENABLE_OBJC_ARC = YES;
				CLANG_WARN_BOOL_CONVERSION = YES;
				CLANG_WARN_CONSTANT_CONVERSION = YES;
				CLANG_WARN_DIRECT_OBJC_ISA_USAGE = YES_ERROR;
				CLANG_WARN_DOCUMENTATION_COMMENTS = YES;
				CLANG_WARN_EMPTY_BODY = YES;
				CLANG_WARN_ENUM_CONVERSION = YES;
				CLANG_WARN_INFINITE_RECURSION = YES;
				CLANG_WARN_INT_CONVERSION = YES;
				CLANG_WARN_OBJC_ROOT_CLASS = YES_ERROR;
				CLANG_WARN_SUSPICIOUS_MOVE = YES;
				CLANG_WARN_UNREACHABLE_CODE = YES;
				CLANG_WARN__DUPLICATE_METHOD_MATCH = YES;
				"CODE_SIGN_IDENTITY[sdk=iphoneos*]" = "iPhone Developer";
				COPY_PHASE_STRIP = NO;
				DEBUG_INFORMATION_FORMAT = dwarf;
				ENABLE_STRICT_OBJC_MSGSEND = YES;
				ENABLE_TESTABILITY = YES;
				GCC_C_LANGUAGE_STANDARD = gnu99;
				GCC_DYNAMIC_NO_PIC = NO;
				GCC_NO_COMMON_BLOCKS = YES;
				GCC_OPTIMIZATION_LEVEL = 0;
				GCC_PREPROCESSOR_DEFINITIONS = (
					"DEBUG=1",
					"$(inherited)",
				);
				GCC_WARN_64_TO_32_BIT_CONVERSION = YES;
				GCC_WARN_ABOUT_RETURN_TYPE = YES_ERROR;
				GCC_WARN_UNDECLARED_SELECTOR = YES;
				GCC_WARN_UNINITIALIZED_AUTOS = YES_AGGRESSIVE;
				GCC_WARN_UNUSED_FUNCTION = YES;
				GCC_WARN_UNUSED_VARIABLE = YES;
				IPHONEOS_DEPLOYMENT_TARGET = 10.2;
				MTL_ENABLE_DEBUG_INFO = YES;
				ONLY_ACTIVE_ARCH = YES;
				SDKROOT = iphoneos;
				SWIFT_ACTIVE_COMPILATION_CONDITIONS = DEBUG;
				SWIFT_OPTIMIZATION_LEVEL = "-Onone";
				TARGETED_DEVICE_FAMILY = "1,2";
			};
			name = Debug;
		};
		55BBDE041E293D69003D7650 /* Release */ = {
			isa = XCBuildConfiguration;
			buildSettings = {
				ALWAYS_SEARCH_USER_PATHS = NO;
				CLANG_ANALYZER_NONNULL = YES;
				CLANG_CXX_LANGUAGE_STANDARD = "gnu++0x";
				CLANG_CXX_LIBRARY = "libc++";
				CLANG_ENABLE_MODULES = YES;
				CLANG_ENABLE_OBJC_ARC = YES;
				CLANG_WARN_BOOL_CONVERSION = YES;
				CLANG_WARN_CONSTANT_CONVERSION = YES;
				CLANG_WARN_DIRECT_OBJC_ISA_USAGE = YES_ERROR;
				CLANG_WARN_DOCUMENTATION_COMMENTS = YES;
				CLANG_WARN_EMPTY_BODY = YES;
				CLANG_WARN_ENUM_CONVERSION = YES;
				CLANG_WARN_INFINITE_RECURSION = YES;
				CLANG_WARN_INT_CONVERSION = YES;
				CLANG_WARN_OBJC_ROOT_CLASS = YES_ERROR;
				CLANG_WARN_SUSPICIOUS_MOVE = YES;
				CLANG_WARN_UNREACHABLE_CODE = YES;
				CLANG_WARN__DUPLICATE_METHOD_MATCH = YES;
				"CODE_SIGN_IDENTITY[sdk=iphoneos*]" = "iPhone Developer";
				COPY_PHASE_STRIP = NO;
				DEBUG_INFORMATION_FORMAT = "dwarf-with-dsym";
				ENABLE_NS_ASSERTIONS = NO;
				ENABLE_STRICT_OBJC_MSGSEND = YES;
				GCC_C_LANGUAGE_STANDARD = gnu99;
				GCC_NO_COMMON_BLOCKS = YES;
				GCC_WARN_64_TO_32_BIT_CONVERSION = YES;
				GCC_WARN_ABOUT_RETURN_TYPE = YES_ERROR;
				GCC_WARN_UNDECLARED_SELECTOR = YES;
				GCC_WARN_UNINITIALIZED_AUTOS = YES_AGGRESSIVE;
				GCC_WARN_UNUSED_FUNCTION = YES;
				GCC_WARN_UNUSED_VARIABLE = YES;
				IPHONEOS_DEPLOYMENT_TARGET = 10.2;
				MTL_ENABLE_DEBUG_INFO = NO;
				SDKROOT = iphoneos;
				SWIFT_OPTIMIZATION_LEVEL = "-Owholemodule";
				TARGETED_DEVICE_FAMILY = "1,2";
				VALIDATE_PRODUCT = YES;
			};
			name = Release;
		};
		55BBDE061E293D69003D7650 /* Debug */ = {
			isa = XCBuildConfiguration;
			buildSettings = {
				ASSETCATALOG_COMPILER_APPICON_NAME = AppIcon;
				INFOPLIST_FILE = StackViewDemo/Info.plist;
				LD_RUNPATH_SEARCH_PATHS = "$(inherited) @executable_path/Frameworks";
				PRODUCT_BUNDLE_IDENTIFIER = com.myPractice.StackViewDemo;
				PRODUCT_NAME = "$(TARGET_NAME)";
				SWIFT_VERSION = 3.0;
			};
			name = Debug;
		};
		55BBDE071E293D69003D7650 /* Release */ = {
			isa = XCBuildConfiguration;
			buildSettings = {
				ASSETCATALOG_COMPILER_APPICON_NAME = AppIcon;
				INFOPLIST_FILE = StackViewDemo/Info.plist;
				LD_RUNPATH_SEARCH_PATHS = "$(inherited) @executable_path/Frameworks";
				PRODUCT_BUNDLE_IDENTIFIER = com.myPractice.StackViewDemo;
				PRODUCT_NAME = "$(TARGET_NAME)";
				SWIFT_VERSION = 3.0;
			};
			name = Release;
		};
/* End XCBuildConfiguration section */

/* Begin XCConfigurationList section */
		55BBDDEE1E293D69003D7650 /* Build configuration list for PBXProject "StackViewDemo" */ = {
			isa = XCConfigurationList;
			buildConfigurations = (
				55BBDE031E293D69003D7650 /* Debug */,
				55BBDE041E293D69003D7650 /* Release */,
			);
			defaultConfigurationIsVisible = 0;
			defaultConfigurationName = Release;
		};
		55BBDE051E293D69003D7650 /* Build configuration list for PBXNativeTarget "StackViewDemo" */ = {
			isa = XCConfigurationList;
			buildConfigurations = (
				55BBDE061E293D69003D7650 /* Debug */,
				55BBDE071E293D69003D7650 /* Release */,
			);
			defaultConfigurationIsVisible = 0;
			defaultConfigurationName = Release;
		};
/* End XCConfigurationList section */
	};
	rootObject = 55BBDDEB1E293D69003D7650 /* Project object */;
}
