// !$*UTF8*$!
{
	archiveVersion = 1;
	classes = {
	};
	objectVersion = 46;
	objects = {

/* Begin PBXBuildFile section */
		55ED31FB1E34B3C700D4C043 /* AppDelegate.swift in Sources */ = {isa = PBXBuildFile; fileRef = 55ED31FA1E34B3C700D4C043 /* AppDelegate.swift */; };
		55ED31FD1E34B3C700D4C043 /* ViewController.swift in Sources */ = {isa = PBXBuildFile; fileRef = 55ED31FC1E34B3C700D4C043 /* ViewController.swift */; };
		55ED32001E34B3C700D4C043 /* Main.storyboard in Resources */ = {isa = PBXBuildFile; fileRef = 55ED31FE1E34B3C700D4C043 /* Main.storyboard */; };
		55ED32021E34B3C700D4C043 /* Assets.xcassets in Resources */ = {isa = PBXBuildFile; fileRef = 55ED32011E34B3C700D4C043 /* Assets.xcassets */; };
		55ED32051E34B3C700D4C043 /* LaunchScreen.storyboard in Resources */ = {isa = PBXBuildFile; fileRef = 55ED32031E34B3C700D4C043 /* LaunchScreen.storyboard */; };
		55ED320D1E34BDE900D4C043 /* CalcBrain.swift in Sources */ = {isa = PBXBuildFile; fileRef = 55ED320C1E34BDE900D4C043 /* CalcBrain.swift */; };
/* End PBXBuildFile section */

/* Begin PBXFileReference section */
		55ED31F71E34B3C700D4C043 /* CalcApp.app */ = {isa = PBXFileReference; explicitFileType = wrapper.application; includeInIndex = 0; path = CalcApp.app; sourceTree = BUILT_PRODUCTS_DIR; };
		55ED31FA1E34B3C700D4C043 /* AppDelegate.swift */ = {isa = PBXFileReference; lastKnownFileType = sourcecode.swift; path = AppDelegate.swift; sourceTree = "<group>"; };
		55ED31FC1E34B3C700D4C043 /* ViewController.swift */ = {isa = PBXFileReference; lastKnownFileType = sourcecode.swift; path = ViewController.swift; sourceTree = "<group>"; };
		55ED31FF1E34B3C700D4C043 /* Base */ = {isa = PBXFileReference; lastKnownFileType = file.storyboard; name = Base; path = Base.lproj/Main.storyboard; sourceTree = "<group>"; };
		55ED32011E34B3C700D4C043 /* Assets.xcassets */ = {isa = PBXFileReference; lastKnownFileType = folder.assetcatalog; path = Assets.xcassets; sourceTree = "<group>"; };
		55ED32041E34B3C700D4C043 /* Base */ = {isa = PBXFileReference; lastKnownFileType = file.storyboard; name = Base; path = Base.lproj/LaunchScreen.storyboard; sourceTree = "<group>"; };
		55ED32061E34B3C700D4C043 /* Info.plist */ = {isa = PBXFileReference; lastKnownFileType = text.plist.xml; path = Info.plist; sourceTree = "<group>"; };
		55ED320C1E34BDE900D4C043 /* CalcBrain.swift */ = {isa = PBXFileReference; fileEncoding = 4; lastKnownFileType = sourcecode.swift; path = CalcBrain.swift; sourceTree = "<group>"; };
/* End PBXFileReference section */

/* Begin PBXFrameworksBuildPhase section */
		55ED31F41E34B3C600D4C043 /* Frameworks */ = {
			isa = PBXFrameworksBuildPhase;
			buildActionMask = 2147483647;
			files = (
			);
			runOnlyForDeploymentPostprocessing = 0;
		};
/* End PBXFrameworksBuildPhase section */

/* Begin PBXGroup section */
		55ED31EE1E34B3C600D4C043 = {
			isa = PBXGroup;
			children = (
				55ED31F91E34B3C700D4C043 /* CalcApp */,
				55ED31F81E34B3C700D4C043 /* Products */,
			);
			sourceTree = "<group>";
		};
		55ED31F81E34B3C700D4C043 /* Products */ = {
			isa = PBXGroup;
			children = (
				55ED31F71E34B3C700D4C043 /* CalcApp.app */,
			);
			name = Products;
			sourceTree = "<group>";
		};
		55ED31F91E34B3C700D4C043 /* CalcApp */ = {
			isa = PBXGroup;
			children = (
				55ED31FA1E34B3C700D4C043 /* AppDelegate.swift */,
				55ED31FC1E34B3C700D4C043 /* ViewController.swift */,
				55ED31FE1E34B3C700D4C043 /* Main.storyboard */,
				55ED320C1E34BDE900D4C043 /* CalcBrain.swift */,
				55ED32011E34B3C700D4C043 /* Assets.xcassets */,
				55ED32031E34B3C700D4C043 /* LaunchScreen.storyboard */,
				55ED32061E34B3C700D4C043 /* Info.plist */,
			);
			path = CalcApp;
			sourceTree = "<group>";
		};
/* End PBXGroup section */

/* Begin PBXNativeTarget section */
		55ED31F61E34B3C600D4C043 /* CalcApp */ = {
			isa = PBXNativeTarget;
			buildConfigurationList = 55ED32091E34B3C700D4C043 /* Build configuration list for PBXNativeTarget "CalcApp" */;
			buildPhases = (
				55ED31F31E34B3C600D4C043 /* Sources */,
				55ED31F41E34B3C600D4C043 /* Frameworks */,
				55ED31F51E34B3C600D4C043 /* Resources */,
			);
			buildRules = (
			);
			dependencies = (
			);
			name = CalcApp;
			productName = CalcApp;
			productReference = 55ED31F71E34B3C700D4C043 /* CalcApp.app */;
			productType = "com.apple.product-type.application";
		};
/* End PBXNativeTarget section */

/* Begin PBXProject section */
		55ED31EF1E34B3C600D4C043 /* Project object */ = {
			isa = PBXProject;
			attributes = {
				LastSwiftUpdateCheck = 0820;
				LastUpgradeCheck = 0820;
				ORGANIZATIONNAME = MyPractice;
				TargetAttributes = {
					55ED31F61E34B3C600D4C043 = {
						CreatedOnToolsVersion = 8.2.1;
						ProvisioningStyle = Automatic;
					};
				};
			};
			buildConfigurationList = 55ED31F21E34B3C600D4C043 /* Build configuration list for PBXProject "CalcApp" */;
			compatibilityVersion = "Xcode 3.2";
			developmentRegion = English;
			hasScannedForEncodings = 0;
			knownRegions = (
				en,
				Base,
			);
			mainGroup = 55ED31EE1E34B3C600D4C043;
			productRefGroup = 55ED31F81E34B3C700D4C043 /* Products */;
			projectDirPath = "";
			projectRoot = "";
			targets = (
				55ED31F61E34B3C600D4C043 /* CalcApp */,
			);
		};
/* End PBXProject section */

/* Begin PBXResourcesBuildPhase section */
		55ED31F51E34B3C600D4C043 /* Resources */ = {
			isa = PBXResourcesBuildPhase;
			buildActionMask = 2147483647;
			files = (
				55ED32051E34B3C700D4C043 /* LaunchScreen.storyboard in Resources */,
				55ED32021E34B3C700D4C043 /* Assets.xcassets in Resources */,
				55ED32001E34B3C700D4C043 /* Main.storyboard in Resources */,
			);
			runOnlyForDeploymentPostprocessing = 0;
		};
/* End PBXResourcesBuildPhase section */

/* Begin PBXSourcesBuildPhase section */
		55ED31F31E34B3C600D4C043 /* Sources */ = {
			isa = PBXSourcesBuildPhase;
			buildActionMask = 2147483647;
			files = (
				55ED31FD1E34B3C700D4C043 /* ViewController.swift in Sources */,
				55ED320D1E34BDE900D4C043 /* CalcBrain.swift in Sources */,
				55ED31FB1E34B3C700D4C043 /* AppDelegate.swift in Sources */,
			);
			runOnlyForDeploymentPostprocessing = 0;
		};
/* End PBXSourcesBuildPhase section */

/* Begin PBXVariantGroup section */
		55ED31FE1E34B3C700D4C043 /* Main.storyboard */ = {
			isa = PBXVariantGroup;
			children = (
				55ED31FF1E34B3C700D4C043 /* Base */,
			);
			name = Main.storyboard;
			sourceTree = "<group>";
		};
		55ED32031E34B3C700D4C043 /* LaunchScreen.storyboard */ = {
			isa = PBXVariantGroup;
			children = (
				55ED32041E34B3C700D4C043 /* Base */,
			);
			name = LaunchScreen.storyboard;
			sourceTree = "<group>";
		};
/* End PBXVariantGroup section */

/* Begin XCBuildConfiguration section */
		55ED32071E34B3C700D4C043 /* Debug */ = {
			isa = XCBuildConfiguration;
			buildSettings = {
				ALWAYS_SEARCH_USER_PATHS = NO;
				CLANG_ANALYZER_NONNULL = YES;
				CLANG_CXX_LANGUAGE_STANDARD = "gnu++0x";
				CLANG_CXX_LIBRARY = "libc++";
				CLANG_ENABLE_MODULES = YES;
				CLANG_ENABLE_OBJC_ARC = YES;
				CLANG_WARN_BOOL_CONVERSION = YES;
				CLANG_WARN_CONSTANT_CONVERSION = YES;
				CLANG_WARN_DIRECT_OBJC_ISA_USAGE = YES_ERROR;
				CLANG_WARN_DOCUMENTATION_COMMENTS = YES;
				CLANG_WARN_EMPTY_BODY = YES;
				CLANG_WARN_ENUM_CONVERSION = YES;
				CLANG_WARN_INFINITE_RECURSION = YES;
				CLANG_WARN_INT_CONVERSION = YES;
				CLANG_WARN_OBJC_ROOT_CLASS = YES_ERROR;
				CLANG_WARN_SUSPICIOUS_MOVE = YES;
				CLANG_WARN_UNREACHABLE_CODE = YES;
				CLANG_WARN__DUPLICATE_METHOD_MATCH = YES;
				"CODE_SIGN_IDENTITY[sdk=iphoneos*]" = "iPhone Developer";
				COPY_PHASE_STRIP = NO;
				DEBUG_INFORMATION_FORMAT = dwarf;
				ENABLE_STRICT_OBJC_MSGSEND = YES;
				ENABLE_TESTABILITY = YES;
				GCC_C_LANGUAGE_STANDARD = gnu99;
				GCC_DYNAMIC_NO_PIC = NO;
				GCC_NO_COMMON_BLOCKS = YES;
				GCC_OPTIMIZATION_LEVEL = 0;
				GCC_PREPROCESSOR_DEFINITIONS = (
					"DEBUG=1",
					"$(inherited)",
				);
				GCC_WARN_64_TO_32_BIT_CONVERSION = YES;
				GCC_WARN_ABOUT_RETURN_TYPE = YES_ERROR;
				GCC_WARN_UNDECLARED_SELECTOR = YES;
				GCC_WARN_UNINITIALIZED_AUTOS = YES_AGGRESSIVE;
				GCC_WARN_UNUSED_FUNCTION = YES;
				GCC_WARN_UNUSED_VARIABLE = YES;
				IPHONEOS_DEPLOYMENT_TARGET = 10.2;
				MTL_ENABLE_DEBUG_INFO = YES;
				ONLY_ACTIVE_ARCH = YES;
				SDKROOT = iphoneos;
				SWIFT_ACTIVE_COMPILATION_CONDITIONS = DEBUG;
				SWIFT_OPTIMIZATION_LEVEL = "-Onone";
				TARGETED_DEVICE_FAMILY = "1,2";
			};
			name = Debug;
		};
		55ED32081E34B3C700D4C043 /* Release */ = {
			isa = XCBuildConfiguration;
			buildSettings = {
				ALWAYS_SEARCH_USER_PATHS = NO;
				CLANG_ANALYZER_NONNULL = YES;
				CLANG_CXX_LANGUAGE_STANDARD = "gnu++0x";
				CLANG_CXX_LIBRARY = "libc++";
				CLANG_ENABLE_MODULES = YES;
				CLANG_ENABLE_OBJC_ARC = YES;
				CLANG_WARN_BOOL_CONVERSION = YES;
				CLANG_WARN_CONSTANT_CONVERSION = YES;
				CLANG_WARN_DIRECT_OBJC_ISA_USAGE = YES_ERROR;
				CLANG_WARN_DOCUMENTATION_COMMENTS = YES;
				CLANG_WARN_EMPTY_BODY = YES;
				CLANG_WARN_ENUM_CONVERSION = YES;
				CLANG_WARN_INFINITE_RECURSION = YES;
				CLANG_WARN_INT_CONVERSION = YES;
				CLANG_WARN_OBJC_ROOT_CLASS = YES_ERROR;
				CLANG_WARN_SUSPICIOUS_MOVE = YES;
				CLANG_WARN_UNREACHABLE_CODE = YES;
				CLANG_WARN__DUPLICATE_METHOD_MATCH = YES;
				"CODE_SIGN_IDENTITY[sdk=iphoneos*]" = "iPhone Developer";
				COPY_PHASE_STRIP = NO;
				DEBUG_INFORMATION_FORMAT = "dwarf-with-dsym";
				ENABLE_NS_ASSERTIONS = NO;
				ENABLE_STRICT_OBJC_MSGSEND = YES;
				GCC_C_LANGUAGE_STANDARD = gnu99;
				GCC_NO_COMMON_BLOCKS = YES;
				GCC_WARN_64_TO_32_BIT_CONVERSION = YES;
				GCC_WARN_ABOUT_RETURN_TYPE = YES_ERROR;
				GCC_WARN_UNDECLARED_SELECTOR = YES;
				GCC_WARN_UNINITIALIZED_AUTOS = YES_AGGRESSIVE;
				GCC_WARN_UNUSED_FUNCTION = YES;
				GCC_WARN_UNUSED_VARIABLE = YES;
				IPHONEOS_DEPLOYMENT_TARGET = 10.2;
				MTL_ENABLE_DEBUG_INFO = NO;
				SDKROOT = iphoneos;
				SWIFT_OPTIMIZATION_LEVEL = "-Owholemodule";
				TARGETED_DEVICE_FAMILY = "1,2";
				VALIDATE_PRODUCT = YES;
			};
			name = Release;
		};
		55ED320A1E34B3C700D4C043 /* Debug */ = {
			isa = XCBuildConfiguration;
			buildSettings = {
				ASSETCATALOG_COMPILER_APPICON_NAME = AppIcon;
				INFOPLIST_FILE = CalcApp/Info.plist;
				LD_RUNPATH_SEARCH_PATHS = "$(inherited) @executable_path/Frameworks";
				PRODUCT_BUNDLE_IDENTIFIER = com.myPractice.CalcApp;
				PRODUCT_NAME = "$(TARGET_NAME)";
				SWIFT_VERSION = 3.0;
			};
			name = Debug;
		};
		55ED320B1E34B3C700D4C043 /* Release */ = {
			isa = XCBuildConfiguration;
			buildSettings = {
				ASSETCATALOG_COMPILER_APPICON_NAME = AppIcon;
				INFOPLIST_FILE = CalcApp/Info.plist;
				LD_RUNPATH_SEARCH_PATHS = "$(inherited) @executable_path/Frameworks";
				PRODUCT_BUNDLE_IDENTIFIER = com.myPractice.CalcApp;
				PRODUCT_NAME = "$(TARGET_NAME)";
				SWIFT_VERSION = 3.0;
			};
			name = Release;
		};
/* End XCBuildConfiguration section */

/* Begin XCConfigurationList section */
		55ED31F21E34B3C600D4C043 /* Build configuration list for PBXProject "CalcApp" */ = {
			isa = XCConfigurationList;
			buildConfigurations = (
				55ED32071E34B3C700D4C043 /* Debug */,
				55ED32081E34B3C700D4C043 /* Release */,
			);
			defaultConfigurationIsVisible = 0;
			defaultConfigurationName = Release;
		};
		55ED32091E34B3C700D4C043 /* Build configuration list for PBXNativeTarget "CalcApp" */ = {
			isa = XCConfigurationList;
			buildConfigurations = (
				55ED320A1E34B3C700D4C043 /* Debug */,
				55ED320B1E34B3C700D4C043 /* Release */,
			);
			defaultConfigurationIsVisible = 0;
		};
/* End XCConfigurationList section */
	};
	rootObject = 55ED31EF1E34B3C600D4C043 /* Project object */;
}
